// !$*UTF8*$!
{
	archiveVersion = 1;
	classes = {
	};
	objectVersion = 46;
	objects = {

/* Begin PBXBuildFile section */
		9601EBC91ABDF3570057E163 /* UncaughtExceptionHandler.m in Sources */ = {isa = PBXBuildFile; fileRef = 9601EBC81ABDF3570057E163 /* UncaughtExceptionHandler.m */; };
		96BBFDB41ABDDA1000AD5029 /* AppDelegate.swift in Sources */ = {isa = PBXBuildFile; fileRef = 96BBFDB31ABDDA1000AD5029 /* AppDelegate.swift */; };
		96BBFDB61ABDDA1000AD5029 /* ViewController.swift in Sources */ = {isa = PBXBuildFile; fileRef = 96BBFDB51ABDDA1000AD5029 /* ViewController.swift */; };
		96BBFDB91ABDDA1000AD5029 /* Main.storyboard in Resources */ = {isa = PBXBuildFile; fileRef = 96BBFDB71ABDDA1000AD5029 /* Main.storyboard */; };
		96BBFDBB1ABDDA1000AD5029 /* Images.xcassets in Resources */ = {isa = PBXBuildFile; fileRef = 96BBFDBA1ABDDA1000AD5029 /* Images.xcassets */; };
		96BBFDBE1ABDDA1000AD5029 /* LaunchScreen.xib in Resources */ = {isa = PBXBuildFile; fileRef = 96BBFDBC1ABDDA1000AD5029 /* LaunchScreen.xib */; };
		96BBFDCA1ABDDA1000AD5029 /* OrpheusTests.swift in Sources */ = {isa = PBXBuildFile; fileRef = 96BBFDC91ABDDA1000AD5029 /* OrpheusTests.swift */; };
/* End PBXBuildFile section */

/* Begin PBXContainerItemProxy section */
		96BBFDC41ABDDA1000AD5029 /* PBXContainerItemProxy */ = {
			isa = PBXContainerItemProxy;
			containerPortal = 96BBFDA61ABDDA1000AD5029 /* Project object */;
			proxyType = 1;
			remoteGlobalIDString = 96BBFDAD1ABDDA1000AD5029;
			remoteInfo = Orpheus;
		};
/* End PBXContainerItemProxy section */

/* Begin PBXFileReference section */
		9601EBC61ABDF3560057E163 /* Orpheus-Bridging-Header.h */ = {isa = PBXFileReference; lastKnownFileType = sourcecode.c.h; path = "Orpheus-Bridging-Header.h"; sourceTree = "<group>"; };
		9601EBC71ABDF3570057E163 /* UncaughtExceptionHandler.h */ = {isa = PBXFileReference; fileEncoding = 4; lastKnownFileType = sourcecode.c.h; path = UncaughtExceptionHandler.h; sourceTree = "<group>"; };
		9601EBC81ABDF3570057E163 /* UncaughtExceptionHandler.m */ = {isa = PBXFileReference; fileEncoding = 4; lastKnownFileType = sourcecode.c.objc; path = UncaughtExceptionHandler.m; sourceTree = "<group>"; };
		96BBFDAE1ABDDA1000AD5029 /* Orpheus.app */ = {isa = PBXFileReference; explicitFileType = wrapper.application; includeInIndex = 0; path = Orpheus.app; sourceTree = BUILT_PRODUCTS_DIR; };
		96BBFDB21ABDDA1000AD5029 /* Info.plist */ = {isa = PBXFileReference; lastKnownFileType = text.plist.xml; path = Info.plist; sourceTree = "<group>"; };
		96BBFDB31ABDDA1000AD5029 /* AppDelegate.swift */ = {isa = PBXFileReference; lastKnownFileType = sourcecode.swift; path = AppDelegate.swift; sourceTree = "<group>"; };
		96BBFDB51ABDDA1000AD5029 /* ViewController.swift */ = {isa = PBXFileReference; lastKnownFileType = sourcecode.swift; path = ViewController.swift; sourceTree = "<group>"; };
		96BBFDB81ABDDA1000AD5029 /* Base */ = {isa = PBXFileReference; lastKnownFileType = file.storyboard; name = Base; path = Base.lproj/Main.storyboard; sourceTree = "<group>"; };
		96BBFDBA1ABDDA1000AD5029 /* Images.xcassets */ = {isa = PBXFileReference; lastKnownFileType = folder.assetcatalog; path = Images.xcassets; sourceTree = "<group>"; };
		96BBFDBD1ABDDA1000AD5029 /* Base */ = {isa = PBXFileReference; lastKnownFileType = file.xib; name = Base; path = Base.lproj/LaunchScreen.xib; sourceTree = "<group>"; };
		96BBFDC31ABDDA1000AD5029 /* OrpheusTests.xctest */ = {isa = PBXFileReference; explicitFileType = wrapper.cfbundle; includeInIndex = 0; path = OrpheusTests.xctest; sourceTree = BUILT_PRODUCTS_DIR; };
		96BBFDC81ABDDA1000AD5029 /* Info.plist */ = {isa = PBXFileReference; lastKnownFileType = text.plist.xml; path = Info.plist; sourceTree = "<group>"; };
		96BBFDC91ABDDA1000AD5029 /* OrpheusTests.swift */ = {isa = PBXFileReference; lastKnownFileType = sourcecode.swift; path = OrpheusTests.swift; sourceTree = "<group>"; };
/* End PBXFileReference section */

/* Begin PBXFrameworksBuildPhase section */
		96BBFDAB1ABDDA1000AD5029 /* Frameworks */ = {
			isa = PBXFrameworksBuildPhase;
			buildActionMask = 2147483647;
			files = (
			);
			runOnlyForDeploymentPostprocessing = 0;
		};
		96BBFDC01ABDDA1000AD5029 /* Frameworks */ = {
			isa = PBXFrameworksBuildPhase;
			buildActionMask = 2147483647;
			files = (
			);
			runOnlyForDeploymentPostprocessing = 0;
		};
/* End PBXFrameworksBuildPhase section */

/* Begin PBXGroup section */
		96BBFDA51ABDDA1000AD5029 = {
			isa = PBXGroup;
			children = (
				96BBFDB01ABDDA1000AD5029 /* Orpheus */,
				96BBFDC61ABDDA1000AD5029 /* OrpheusTests */,
				96BBFDAF1ABDDA1000AD5029 /* Products */,
			);
			sourceTree = "<group>";
		};
		96BBFDAF1ABDDA1000AD5029 /* Products */ = {
			isa = PBXGroup;
			children = (
				96BBFDAE1ABDDA1000AD5029 /* Orpheus.app */,
				96BBFDC31ABDDA1000AD5029 /* OrpheusTests.xctest */,
			);
			name = Products;
			sourceTree = "<group>";
		};
		96BBFDB01ABDDA1000AD5029 /* Orpheus */ = {
			isa = PBXGroup;
			children = (
				96BBFDB31ABDDA1000AD5029 /* AppDelegate.swift */,
				9601EBC71ABDF3570057E163 /* UncaughtExceptionHandler.h */,
				9601EBC81ABDF3570057E163 /* UncaughtExceptionHandler.m */,
				96BBFDB51ABDDA1000AD5029 /* ViewController.swift */,
				96BBFDB71ABDDA1000AD5029 /* Main.storyboard */,
				96BBFDBA1ABDDA1000AD5029 /* Images.xcassets */,
				96BBFDBC1ABDDA1000AD5029 /* LaunchScreen.xib */,
				96BBFDB11ABDDA1000AD5029 /* Supporting Files */,
				9601EBC61ABDF3560057E163 /* Orpheus-Bridging-Header.h */,
			);
			path = Orpheus;
			sourceTree = "<group>";
		};
		96BBFDB11ABDDA1000AD5029 /* Supporting Files */ = {
			isa = PBXGroup;
			children = (
				96BBFDB21ABDDA1000AD5029 /* Info.plist */,
			);
			name = "Supporting Files";
			sourceTree = "<group>";
		};
		96BBFDC61ABDDA1000AD5029 /* OrpheusTests */ = {
			isa = PBXGroup;
			children = (
				96BBFDC91ABDDA1000AD5029 /* OrpheusTests.swift */,
				96BBFDC71ABDDA1000AD5029 /* Supporting Files */,
			);
			path = OrpheusTests;
			sourceTree = "<group>";
		};
		96BBFDC71ABDDA1000AD5029 /* Supporting Files */ = {
			isa = PBXGroup;
			children = (
				96BBFDC81ABDDA1000AD5029 /* Info.plist */,
			);
			name = "Supporting Files";
			sourceTree = "<group>";
		};
/* End PBXGroup section */

/* Begin PBXNativeTarget section */
		96BBFDAD1ABDDA1000AD5029 /* Orpheus */ = {
			isa = PBXNativeTarget;
			buildConfigurationList = 96BBFDCD1ABDDA1000AD5029 /* Build configuration list for PBXNativeTarget "Orpheus" */;
			buildPhases = (
				96BBFDAA1ABDDA1000AD5029 /* Sources */,
				96BBFDAB1ABDDA1000AD5029 /* Frameworks */,
				96BBFDAC1ABDDA1000AD5029 /* Resources */,
			);
			buildRules = (
			);
			dependencies = (
			);
			name = Orpheus;
			productName = Orpheus;
			productReference = 96BBFDAE1ABDDA1000AD5029 /* Orpheus.app */;
			productType = "com.apple.product-type.application";
		};
		96BBFDC21ABDDA1000AD5029 /* OrpheusTests */ = {
			isa = PBXNativeTarget;
			buildConfigurationList = 96BBFDD01ABDDA1000AD5029 /* Build configuration list for PBXNativeTarget "OrpheusTests" */;
			buildPhases = (
				96BBFDBF1ABDDA1000AD5029 /* Sources */,
				96BBFDC01ABDDA1000AD5029 /* Frameworks */,
				96BBFDC11ABDDA1000AD5029 /* Resources */,
			);
			buildRules = (
			);
			dependencies = (
				96BBFDC51ABDDA1000AD5029 /* PBXTargetDependency */,
			);
			name = OrpheusTests;
			productName = OrpheusTests;
			productReference = 96BBFDC31ABDDA1000AD5029 /* OrpheusTests.xctest */;
			productType = "com.apple.product-type.bundle.unit-test";
		};
/* End PBXNativeTarget section */

/* Begin PBXProject section */
		96BBFDA61ABDDA1000AD5029 /* Project object */ = {
			isa = PBXProject;
			attributes = {
				LastUpgradeCheck = 0620;
				ORGANIZATIONNAME = benzguo;
				TargetAttributes = {
					96BBFDAD1ABDDA1000AD5029 = {
						CreatedOnToolsVersion = 6.2;
					};
					96BBFDC21ABDDA1000AD5029 = {
						CreatedOnToolsVersion = 6.2;
						TestTargetID = 96BBFDAD1ABDDA1000AD5029;
					};
				};
			};
			buildConfigurationList = 96BBFDA91ABDDA1000AD5029 /* Build configuration list for PBXProject "Orpheus" */;
			compatibilityVersion = "Xcode 3.2";
			developmentRegion = English;
			hasScannedForEncodings = 0;
			knownRegions = (
				en,
				Base,
			);
			mainGroup = 96BBFDA51ABDDA1000AD5029;
			productRefGroup = 96BBFDAF1ABDDA1000AD5029 /* Products */;
			projectDirPath = "";
			projectRoot = "";
			targets = (
				96BBFDAD1ABDDA1000AD5029 /* Orpheus */,
				96BBFDC21ABDDA1000AD5029 /* OrpheusTests */,
			);
		};
/* End PBXProject section */

/* Begin PBXResourcesBuildPhase section */
		96BBFDAC1ABDDA1000AD5029 /* Resources */ = {
			isa = PBXResourcesBuildPhase;
			buildActionMask = 2147483647;
			files = (
				96BBFDB91ABDDA1000AD5029 /* Main.storyboard in Resources */,
				96BBFDBE1ABDDA1000AD5029 /* LaunchScreen.xib in Resources */,
				96BBFDBB1ABDDA1000AD5029 /* Images.xcassets in Resources */,
			);
			runOnlyForDeploymentPostprocessing = 0;
		};
		96BBFDC11ABDDA1000AD5029 /* Resources */ = {
			isa = PBXResourcesBuildPhase;
			buildActionMask = 2147483647;
			files = (
			);
			runOnlyForDeploymentPostprocessing = 0;
		};
/* End PBXResourcesBuildPhase section */

/* Begin PBXSourcesBuildPhase section */
		96BBFDAA1ABDDA1000AD5029 /* Sources */ = {
			isa = PBXSourcesBuildPhase;
			buildActionMask = 2147483647;
			files = (
				96BBFDB61ABDDA1000AD5029 /* ViewController.swift in Sources */,
				96BBFDB41ABDDA1000AD5029 /* AppDelegate.swift in Sources */,
				9601EBC91ABDF3570057E163 /* UncaughtExceptionHandler.m in Sources */,
			);
			runOnlyForDeploymentPostprocessing = 0;
		};
		96BBFDBF1ABDDA1000AD5029 /* Sources */ = {
			isa = PBXSourcesBuildPhase;
			buildActionMask = 2147483647;
			files = (
				96BBFDCA1ABDDA1000AD5029 /* OrpheusTests.swift in Sources */,
			);
			runOnlyForDeploymentPostprocessing = 0;
		};
/* End PBXSourcesBuildPhase section */

/* Begin PBXTargetDependency section */
		96BBFDC51ABDDA1000AD5029 /* PBXTargetDependency */ = {
			isa = PBXTargetDependency;
			target = 96BBFDAD1ABDDA1000AD5029 /* Orpheus */;
			targetProxy = 96BBFDC41ABDDA1000AD5029 /* PBXContainerItemProxy */;
		};
/* End PBXTargetDependency section */

/* Begin PBXVariantGroup section */
		96BBFDB71ABDDA1000AD5029 /* Main.storyboard */ = {
			isa = PBXVariantGroup;
			children = (
				96BBFDB81ABDDA1000AD5029 /* Base */,
			);
			name = Main.storyboard;
			sourceTree = "<group>";
		};
		96BBFDBC1ABDDA1000AD5029 /* LaunchScreen.xib */ = {
			isa = PBXVariantGroup;
			children = (
				96BBFDBD1ABDDA1000AD5029 /* Base */,
			);
			name = LaunchScreen.xib;
			sourceTree = "<group>";
		};
/* End PBXVariantGroup section */

/* Begin XCBuildConfiguration section */
		96BBFDCB1ABDDA1000AD5029 /* Debug */ = {
			isa = XCBuildConfiguration;
			buildSettings = {
				ALWAYS_SEARCH_USER_PATHS = NO;
				CLANG_CXX_LANGUAGE_STANDARD = "gnu++0x";
				CLANG_CXX_LIBRARY = "libc++";
				CLANG_ENABLE_MODULES = YES;
				CLANG_ENABLE_OBJC_ARC = YES;
				CLANG_WARN_BOOL_CONVERSION = YES;
				CLANG_WARN_CONSTANT_CONVERSION = YES;
				CLANG_WARN_DIRECT_OBJC_ISA_USAGE = YES_ERROR;
				CLANG_WARN_EMPTY_BODY = YES;
				CLANG_WARN_ENUM_CONVERSION = YES;
				CLANG_WARN_INT_CONVERSION = YES;
				CLANG_WARN_OBJC_ROOT_CLASS = YES_ERROR;
				CLANG_WARN_UNREACHABLE_CODE = YES;
				CLANG_WARN__DUPLICATE_METHOD_MATCH = YES;
				"CODE_SIGN_IDENTITY[sdk=iphoneos*]" = "iPhone Developer";
				COPY_PHASE_STRIP = NO;
				ENABLE_STRICT_OBJC_MSGSEND = YES;
				GCC_C_LANGUAGE_STANDARD = gnu99;
				GCC_DYNAMIC_NO_PIC = NO;
				GCC_OPTIMIZATION_LEVEL = 0;
				GCC_PREPROCESSOR_DEFINITIONS = (
					"DEBUG=1",
					"$(inherited)",
				);
				GCC_SYMBOLS_PRIVATE_EXTERN = NO;
				GCC_WARN_64_TO_32_BIT_CONVERSION = YES;
				GCC_WARN_ABOUT_RETURN_TYPE = YES_ERROR;
				GCC_WARN_UNDECLARED_SELECTOR = YES;
				GCC_WARN_UNINITIALIZED_AUTOS = YES_AGGRESSIVE;
				GCC_WARN_UNUSED_FUNCTION = YES;
				GCC_WARN_UNUSED_VARIABLE = YES;
				IPHONEOS_DEPLOYMENT_TARGET = 8.2;
				MTL_ENABLE_DEBUG_INFO = YES;
				ONLY_ACTIVE_ARCH = YES;
				SDKROOT = iphoneos;
				SWIFT_OPTIMIZATION_LEVEL = "-Onone";
				TARGETED_DEVICE_FAMILY = "1,2";
			};
			name = Debug;
		};
		96BBFDCC1ABDDA1000AD5029 /* Release */ = {
			isa = XCBuildConfiguration;
			buildSettings = {
				ALWAYS_SEARCH_USER_PATHS = NO;
				CLANG_CXX_LANGUAGE_STANDARD = "gnu++0x";
				CLANG_CXX_LIBRARY = "libc++";
				CLANG_ENABLE_MODULES = YES;
				CLANG_ENABLE_OBJC_ARC = YES;
				CLANG_WARN_BOOL_CONVERSION = YES;
				CLANG_WARN_CONSTANT_CONVERSION = YES;
				CLANG_WARN_DIRECT_OBJC_ISA_USAGE = YES_ERROR;
				CLANG_WARN_EMPTY_BODY = YES;
				CLANG_WARN_ENUM_CONVERSION = YES;
				CLANG_WARN_INT_CONVERSION = YES;
				CLANG_WARN_OBJC_ROOT_CLASS = YES_ERROR;
				CLANG_WARN_UNREACHABLE_CODE = YES;
				CLANG_WARN__DUPLICATE_METHOD_MATCH = YES;
				"CODE_SIGN_IDENTITY[sdk=iphoneos*]" = "iPhone Developer";
				COPY_PHASE_STRIP = NO;
				ENABLE_NS_ASSERTIONS = NO;
				ENABLE_STRICT_OBJC_MSGSEND = YES;
				GCC_C_LANGUAGE_STANDARD = gnu99;
				GCC_WARN_64_TO_32_BIT_CONVERSION = YES;
				GCC_WARN_ABOUT_RETURN_TYPE = YES_ERROR;
				GCC_WARN_UNDECLARED_SELECTOR = YES;
				GCC_WARN_UNINITIALIZED_AUTOS = YES_AGGRESSIVE;
				GCC_WARN_UNUSED_FUNCTION = YES;
				GCC_WARN_UNUSED_VARIABLE = YES;
				IPHONEOS_DEPLOYMENT_TARGET = 8.2;
				MTL_ENABLE_DEBUG_INFO = NO;
				SDKROOT = iphoneos;
				TARGETED_DEVICE_FAMILY = "1,2";
				VALIDATE_PRODUCT = YES;
			};
			name = Release;
		};
		96BBFDCE1ABDDA1000AD5029 /* Debug */ = {
			isa = XCBuildConfiguration;
			buildSettings = {
				ASSETCATALOG_COMPILER_APPICON_NAME = AppIcon;
				CLANG_ENABLE_MODULES = YES;
				CODE_SIGN_IDENTITY = "iPhone Developer";
				INFOPLIST_FILE = Orpheus/Info.plist;
				LD_RUNPATH_SEARCH_PATHS = "$(inherited) @executable_path/Frameworks";
				PRODUCT_NAME = "$(TARGET_NAME)";
				SWIFT_OBJC_BRIDGING_HEADER = "Orpheus/Orpheus-Bridging-Header.h";
				SWIFT_OPTIMIZATION_LEVEL = "-Onone";
			};
			name = Debug;
		};
		96BBFDCF1ABDDA1000AD5029 /* Release */ = {
			isa = XCBuildConfiguration;
			buildSettings = {
				ASSETCATALOG_COMPILER_APPICON_NAME = AppIcon;
				CLANG_ENABLE_MODULES = YES;
				CODE_SIGN_IDENTITY = "";
				INFOPLIST_FILE = Orpheus/Info.plist;
				LD_RUNPATH_SEARCH_PATHS = "$(inherited) @executable_path/Frameworks";
				PRODUCT_NAME = "$(TARGET_NAME)";
				SWIFT_OBJC_BRIDGING_HEADER = "Orpheus/Orpheus-Bridging-Header.h";
			};
			name = Release;
		};
		96BBFDD11ABDDA1000AD5029 /* Debug */ = {
			isa = XCBuildConfiguration;
			buildSettings = {
				BUNDLE_LOADER = "$(TEST_HOST)";
				FRAMEWORK_SEARCH_PATHS = (
					"$(SDKROOT)/Developer/Library/Frameworks",
					"$(inherited)",
				);
				GCC_PREPROCESSOR_DEFINITIONS = (
					"DEBUG=1",
					"$(inherited)",
				);
				INFOPLIST_FILE = OrpheusTests/Info.plist;
				LD_RUNPATH_SEARCH_PATHS = "$(inherited) @executable_path/Frameworks @loader_path/Frameworks";
				PRODUCT_NAME = "$(TARGET_NAME)";
				TEST_HOST = "$(BUILT_PRODUCTS_DIR)/Orpheus.app/Orpheus";
			};
			name = Debug;
		};
		96BBFDD21ABDDA1000AD5029 /* Release */ = {
			isa = XCBuildConfiguration;
			buildSettings = {
				BUNDLE_LOADER = "$(TEST_HOST)";
				FRAMEWORK_SEARCH_PATHS = (
					"$(SDKROOT)/Developer/Library/Frameworks",
					"$(inherited)",
				);
				INFOPLIST_FILE = OrpheusTests/Info.plist;
				LD_RUNPATH_SEARCH_PATHS = "$(inherited) @executable_path/Frameworks @loader_path/Frameworks";
				PRODUCT_NAME = "$(TARGET_NAME)";
				TEST_HOST = "$(BUILT_PRODUCTS_DIR)/Orpheus.app/Orpheus";
			};
			name = Release;
		};
/* End XCBuildConfiguration section */

/* Begin XCConfigurationList section */
		96BBFDA91ABDDA1000AD5029 /* Build configuration list for PBXProject "Orpheus" */ = {
			isa = XCConfigurationList;
			buildConfigurations = (
				96BBFDCB1ABDDA1000AD5029 /* Debug */,
				96BBFDCC1ABDDA1000AD5029 /* Release */,
			);
			defaultConfigurationIsVisible = 0;
			defaultConfigurationName = Release;
		};
		96BBFDCD1ABDDA1000AD5029 /* Build configuration list for PBXNativeTarget "Orpheus" */ = {
			isa = XCConfigurationList;
			buildConfigurations = (
				96BBFDCE1ABDDA1000AD5029 /* Debug */,
				96BBFDCF1ABDDA1000AD5029 /* Release */,
			);
			defaultConfigurationIsVisible = 0;
			defaultConfigurationName = Release;
		};
		96BBFDD01ABDDA1000AD5029 /* Build configuration list for PBXNativeTarget "OrpheusTests" */ = {
			isa = XCConfigurationList;
			buildConfigurations = (
				96BBFDD11ABDDA1000AD5029 /* Debug */,
				96BBFDD21ABDDA1000AD5029 /* Release */,
			);
			defaultConfigurationIsVisible = 0;
			defaultConfigurationName = Release;
		};
/* End XCConfigurationList section */
	};
	rootObject = 96BBFDA61ABDDA1000AD5029 /* Project object */;
}
